
Microsoft Visual Studio Solution File, Format Version 12.00
# Visual Studio Version 16
VisualStudioVersion = 16.0.30503.244
MinimumVisualStudioVersion = 10.0.40219.1
Project("{FAE04EC0-301F-11D3-BF4B-00C04F79EFBC}") = "ShumilkinLabs", "ShumilkinLabs\ShumilkinLabs.csproj", "{051ECA95-B502-470D-B536-15197A0609B1}"
EndProject
Global
	GlobalSection(SolutionConfigurationPlatforms) = preSolution
		Debug|Any CPU = Debug|Any CPU
		Release|Any CPU = Release|Any CPU
	EndGlobalSection
	GlobalSection(ProjectConfigurationPlatforms) = postSolution
		{051ECA95-B502-470D-B536-15197A0609B1}.Debug|Any CPU.ActiveCfg = Debug|Any CPU
		{051ECA95-B502-470D-B536-15197A0609B1}.Debug|Any CPU.Build.0 = Debug|Any CPU
		{051ECA95-B502-470D-B536-15197A0609B1}.Release|Any CPU.ActiveCfg = Release|Any CPU
		{051ECA95-B502-470D-B536-15197A0609B1}.Release|Any CPU.Build.0 = Release|Any CPU
	EndGlobalSection
	GlobalSection(SolutionProperties) = preSolution
		HideSolutionNode = FALSE
	EndGlobalSection
	GlobalSection(ExtensibilityGlobals) = postSolution
		SolutionGuid = {4CCF2C24-0B7E-40C1-905A-620F4F8AADD8}
	EndGlobalSection
EndGlobal
